
Microsoft Visual Studio Solution File, Format Version 12.00
# Visual Studio Version 16
VisualStudioVersion = 16.0.33927.289
MinimumVisualStudioVersion = 10.0.40219.1
Project("{2150E333-8FDC-42A3-9474-1A3956D46DE8}") = "Task0", "Task0", "{300CAE39-222C-47FA-AC15-E73CA0F5C1FE}"
EndProject
Project("{FAE04EC0-301F-11D3-BF4B-00C04F79EFBC}") = "Tyuiu.DevyatkovaAA.Sprint2.Task0.V25", "Tyuiu.DevyatkovaAA.Sprint2.Task0.V25\Tyuiu.DevyatkovaAA.Sprint2.Task0.V25.csproj", "{49304294-0043-4607-8B04-A1F8D4869445}"
EndProject
Project("{FAE04EC0-301F-11D3-BF4B-00C04F79EFBC}") = "Tyuiu.DevyatkovaAA.Sprint2.Task0.V25.Lib", "Tyuiu.DevyatkovaAA.Sprint2.Task0.V25.Lib\Tyuiu.DevyatkovaAA.Sprint2.Task0.V25.Lib.csproj", "{5BE2F089-9E63-43CB-BF2F-6AF16E854424}"
EndProject
Project("{FAE04EC0-301F-11D3-BF4B-00C04F79EFBC}") = "Tyuiu.DevyatkovaAA.Sprint2.Task0.V25.Test", "Tyuiu.DevyatkovaAA.Sprint2.Task0.V25.Test\Tyuiu.DevyatkovaAA.Sprint2.Task0.V25.Test.csproj", "{40FA9FAB-F2B4-47DC-919D-5B70807533E8}"
EndProject
Project("{2150E333-8FDC-42A3-9474-1A3956D46DE8}") = "Task1", "Task1", "{874F96A3-E3A4-415F-9DF8-4D213130CD55}"
EndProject
Project("{FAE04EC0-301F-11D3-BF4B-00C04F79EFBC}") = "Tyuiu.DevjatkovaAA.Sprint2.Task1.V21", "Tyuiu.DevjatkovaAA.Sprint2.Task1.V21\Tyuiu.DevjatkovaAA.Sprint2.Task1.V21.csproj", "{1049344C-A5E3-437A-9A8E-46A191D77CCD}"
EndProject
Project("{FAE04EC0-301F-11D3-BF4B-00C04F79EFBC}") = "Tyuiu.DevjatkovaAA.Sprint2.Task1.V21.Lib", "Tyuiu.DevjatkovaAA.Sprint2.Task1.V21.Lib\Tyuiu.DevjatkovaAA.Sprint2.Task1.V21.Lib.csproj", "{E7218E57-9A45-484D-A756-6E1592E40D7E}"
EndProject
Project("{FAE04EC0-301F-11D3-BF4B-00C04F79EFBC}") = "Tyuiu.DevjatkovaAA.Sprint2.Task1.V21.Test", "Tyuiu.DevjatkovaAA.Sprint2.Task1.V21.Test\Tyuiu.DevjatkovaAA.Sprint2.Task1.V21.Test.csproj", "{AA44C82F-5BDD-45F1-85ED-5D993A2A63BD}"
EndProject
Project("{2150E333-8FDC-42A3-9474-1A3956D46DE8}") = "Task2", "Task2", "{17FEB9CB-36C7-4EE2-A377-BFD16D7122DA}"
EndProject
Project("{FAE04EC0-301F-11D3-BF4B-00C04F79EFBC}") = "Tyuiu.DevjatkovaAA.Sprint2.Task2.V20", "Tyuiu.DevjatkovaAA.Sprint2.Task2.V20\Tyuiu.DevjatkovaAA.Sprint2.Task2.V20.csproj", "{BEBDE5D1-0262-446C-B9FA-4E14326CB816}"
EndProject
Project("{FAE04EC0-301F-11D3-BF4B-00C04F79EFBC}") = "Tyuiu.DevjatkovaAA.Sprint2.Task2.V20.Lib", "Tyuiu.DevjatkovaAA.Sprint2.Task2.V20.Lib\Tyuiu.DevjatkovaAA.Sprint2.Task2.V20.Lib.csproj", "{219A67B7-C115-4EB3-B2B5-EFAA82A5F5AC}"
EndProject
Project("{FAE04EC0-301F-11D3-BF4B-00C04F79EFBC}") = "Tyuiu.DevjatkovaAA.Sprint2.Task2.V20.Test", "Tyuiu.DevjatkovaAA.Sprint2.Task2.V20.Test\Tyuiu.DevjatkovaAA.Sprint2.Task2.V20.Test.csproj", "{789B0F20-442B-4948-9837-2AF67A641F3F}"
EndProject
Project("{2150E333-8FDC-42A3-9474-1A3956D46DE8}") = "Task3", "Task3", "{05A82E64-9D5E-41F5-8A56-AFFF48791B84}"
EndProject
Project("{FAE04EC0-301F-11D3-BF4B-00C04F79EFBC}") = "Tyuiu.DevjatkovaAA.Sprint2.Task3.V15", "Tyuiu.DevjatkovaAA.Sprint2.Task3.V15\Tyuiu.DevjatkovaAA.Sprint2.Task3.V15.csproj", "{62ABFDC3-077B-4DBC-9CF4-5A391063D266}"
EndProject
Project("{FAE04EC0-301F-11D3-BF4B-00C04F79EFBC}") = "Tyuiu.DevjatkovaAA.Sprint2.Task3.V15.Lib", "Tyuiu.DevjatkovaAA.Sprint2.Task3.V15.Lib\Tyuiu.DevjatkovaAA.Sprint2.Task3.V15.Lib.csproj", "{5289CDDD-AE1D-43DE-9795-75A83CF71B8C}"
EndProject
Project("{FAE04EC0-301F-11D3-BF4B-00C04F79EFBC}") = "Tyuiu.DevjatkovaAA.Sprint2.Task3.V15.Test", "Tyuiu.DevjatkovaAA.Sprint2.Task3.V15.Test\Tyuiu.DevjatkovaAA.Sprint2.Task3.V15.Test.csproj", "{525CDD36-5E95-4A17-93E0-3D16F7A5F42B}"
EndProject
Project("{2150E333-8FDC-42A3-9474-1A3956D46DE8}") = "Task4", "Task4", "{DF52B3C2-683E-4300-8FAE-CB1C6F02ADC0}"
EndProject
Project("{FAE04EC0-301F-11D3-BF4B-00C04F79EFBC}") = "Tyuiu.DevjatkovaAA.Sprint2.Task4.V11", "Tyuiu.DevjatkovaAA.Sprint2.Task4.V11\Tyuiu.DevjatkovaAA.Sprint2.Task4.V11.csproj", "{F748FC23-40D0-42A5-B095-0B29F2929891}"
EndProject
Project("{FAE04EC0-301F-11D3-BF4B-00C04F79EFBC}") = "Tyuiu.DevjatkovaAA.Sprint2.Task4.V11.Lib", "Tyuiu.DevjatkovaAA.Sprint2.Task4.V11.Lib\Tyuiu.DevjatkovaAA.Sprint2.Task4.V11.Lib.csproj", "{A4FC8DFA-22E6-4C13-9601-C9B500D403F0}"
EndProject
Project("{FAE04EC0-301F-11D3-BF4B-00C04F79EFBC}") = "Tyuiu.DevjatkovaAA.Sprint2.Task4.V11.Test", "Tyuiu.DevjatkovaAA.Sprint2.Task4.V11.Test\Tyuiu.DevjatkovaAA.Sprint2.Task4.V11.Test.csproj", "{3C69726E-8282-4B91-8369-155B6A7FE6F8}"
EndProject
Project("{2150E333-8FDC-42A3-9474-1A3956D46DE8}") = "Task5", "Task5", "{826180E5-D03B-4484-85AD-5E6930FE735F}"
EndProject
Project("{FAE04EC0-301F-11D3-BF4B-00C04F79EFBC}") = "Tyuiu.DevjatkovaAA.Sprint2.Task5.V15", "Tyuiu.DevjatkovaAA.Sprint2.Task5.V15\Tyuiu.DevjatkovaAA.Sprint2.Task5.V15.csproj", "{3C39E278-558C-40BB-8889-C3DE85DF53E1}"
EndProject
Project("{FAE04EC0-301F-11D3-BF4B-00C04F79EFBC}") = "Tyuiu.DevjatkovaAA.Sprint2.Task5.V15.Lib", "Tyuiu.DevjatkovaAA.Sprint2.Task5.V15.Lib\Tyuiu.DevjatkovaAA.Sprint2.Task5.V15.Lib.csproj", "{E69D2E3C-995A-4FCE-8893-E2DE3F7808B4}"
EndProject
Project("{FAE04EC0-301F-11D3-BF4B-00C04F79EFBC}") = "Tyuiu.DevjatkovaAA.Sprint2.Task5.V15.Test", "Tyuiu.DevjatkovaAA.Sprint2.Task5.V15.Test\Tyuiu.DevjatkovaAA.Sprint2.Task5.V15.Test.csproj", "{33117D2C-C3F0-4C4A-A027-3216A096F1C4}"
EndProject
Project("{2150E333-8FDC-42A3-9474-1A3956D46DE8}") = "Task6", "Task6", "{39F7CFAF-20ED-49EB-BA5C-A3A255969576}"
EndProject
Project("{FAE04EC0-301F-11D3-BF4B-00C04F79EFBC}") = "Tyuiu.DevjatkovaAA.Sprint2.Task6.V4", "Tyuiu.DevjatkovaAA.Sprint2.Task6.V4\Tyuiu.DevjatkovaAA.Sprint2.Task6.V4.csproj", "{FBF775D3-3215-4EBE-9C9C-396BB740CFEB}"
EndProject
Project("{FAE04EC0-301F-11D3-BF4B-00C04F79EFBC}") = "Tyuiu.DevjatkovaAA.Sprint2.Task6.V4.Lib", "Tyuiu.DevjatkovaAA.Sprint2.Task6.V4.Lib\Tyuiu.DevjatkovaAA.Sprint2.Task6.V4.Lib.csproj", "{6F7969FB-B5FC-409D-B144-415645758246}"
EndProject
Project("{FAE04EC0-301F-11D3-BF4B-00C04F79EFBC}") = "Tyuiu.DevjatkovaAA.Sprint2.Task6.V4.Test", "Tyuiu.DevjatkovaAA.Sprint2.Task6.V4.Test\Tyuiu.DevjatkovaAA.Sprint2.Task6.V4.Test.csproj", "{22BC26BF-10F1-4CB6-9AD6-88767CBE6529}"
EndProject
Project("{2150E333-8FDC-42A3-9474-1A3956D46DE8}") = "Task7", "Task7", "{91533CB4-B7DB-4416-9FAD-CFE275589CF9}"
EndProject
Project("{FAE04EC0-301F-11D3-BF4B-00C04F79EFBC}") = "Tyuiu.DevjatkovaAA.Sprint2.Task7.V15", "Tyuiu.DevjatkovaAA.Sprint2.Task7.V15\Tyuiu.DevjatkovaAA.Sprint2.Task7.V15.csproj", "{FBCB41EE-7F56-42EF-838E-F1DA7F831D16}"
EndProject
Project("{FAE04EC0-301F-11D3-BF4B-00C04F79EFBC}") = "Tyuiu.DevjatkovaAA.Sprint2.Task7.V15.Lib", "Tyuiu.DevjatkovaAA.Sprint2.Task7.V15.Lib\Tyuiu.DevjatkovaAA.Sprint2.Task7.V15.Lib.csproj", "{8D34EEE0-B3C9-4009-A5C7-C69DCAABE5E2}"
EndProject
Project("{FAE04EC0-301F-11D3-BF4B-00C04F79EFBC}") = "Tyuiu.DevjatkovaAA.Sprint2.Task7.V15.Test", "Tyuiu.DevjatkovaAA.Sprint2.Task7.V15.Test\Tyuiu.DevjatkovaAA.Sprint2.Task7.V15.Test.csproj", "{C7FF3CDC-2D45-41A1-A00B-91A03A440FC1}"
EndProject
Global
	GlobalSection(SolutionConfigurationPlatforms) = preSolution
		Debug|Any CPU = Debug|Any CPU
		Release|Any CPU = Release|Any CPU
	EndGlobalSection
	GlobalSection(ProjectConfigurationPlatforms) = postSolution
		{49304294-0043-4607-8B04-A1F8D4869445}.Debug|Any CPU.ActiveCfg = Debug|Any CPU
		{49304294-0043-4607-8B04-A1F8D4869445}.Debug|Any CPU.Build.0 = Debug|Any CPU
		{49304294-0043-4607-8B04-A1F8D4869445}.Release|Any CPU.ActiveCfg = Release|Any CPU
		{49304294-0043-4607-8B04-A1F8D4869445}.Release|Any CPU.Build.0 = Release|Any CPU
		{5BE2F089-9E63-43CB-BF2F-6AF16E854424}.Debug|Any CPU.ActiveCfg = Debug|Any CPU
		{5BE2F089-9E63-43CB-BF2F-6AF16E854424}.Debug|Any CPU.Build.0 = Debug|Any CPU
		{5BE2F089-9E63-43CB-BF2F-6AF16E854424}.Release|Any CPU.ActiveCfg = Release|Any CPU
		{5BE2F089-9E63-43CB-BF2F-6AF16E854424}.Release|Any CPU.Build.0 = Release|Any CPU
		{40FA9FAB-F2B4-47DC-919D-5B70807533E8}.Debug|Any CPU.ActiveCfg = Debug|Any CPU
		{40FA9FAB-F2B4-47DC-919D-5B70807533E8}.Debug|Any CPU.Build.0 = Debug|Any CPU
		{40FA9FAB-F2B4-47DC-919D-5B70807533E8}.Release|Any CPU.ActiveCfg = Release|Any CPU
		{40FA9FAB-F2B4-47DC-919D-5B70807533E8}.Release|Any CPU.Build.0 = Release|Any CPU
		{1049344C-A5E3-437A-9A8E-46A191D77CCD}.Debug|Any CPU.ActiveCfg = Debug|Any CPU
		{1049344C-A5E3-437A-9A8E-46A191D77CCD}.Debug|Any CPU.Build.0 = Debug|Any CPU
		{1049344C-A5E3-437A-9A8E-46A191D77CCD}.Release|Any CPU.ActiveCfg = Release|Any CPU
		{1049344C-A5E3-437A-9A8E-46A191D77CCD}.Release|Any CPU.Build.0 = Release|Any CPU
		{E7218E57-9A45-484D-A756-6E1592E40D7E}.Debug|Any CPU.ActiveCfg = Debug|Any CPU
		{E7218E57-9A45-484D-A756-6E1592E40D7E}.Debug|Any CPU.Build.0 = Debug|Any CPU
		{E7218E57-9A45-484D-A756-6E1592E40D7E}.Release|Any CPU.ActiveCfg = Release|Any CPU
		{E7218E57-9A45-484D-A756-6E1592E40D7E}.Release|Any CPU.Build.0 = Release|Any CPU
		{AA44C82F-5BDD-45F1-85ED-5D993A2A63BD}.Debug|Any CPU.ActiveCfg = Debug|Any CPU
		{AA44C82F-5BDD-45F1-85ED-5D993A2A63BD}.Debug|Any CPU.Build.0 = Debug|Any CPU
		{AA44C82F-5BDD-45F1-85ED-5D993A2A63BD}.Release|Any CPU.ActiveCfg = Release|Any CPU
		{AA44C82F-5BDD-45F1-85ED-5D993A2A63BD}.Release|Any CPU.Build.0 = Release|Any CPU
		{BEBDE5D1-0262-446C-B9FA-4E14326CB816}.Debug|Any CPU.ActiveCfg = Debug|Any CPU
		{BEBDE5D1-0262-446C-B9FA-4E14326CB816}.Debug|Any CPU.Build.0 = Debug|Any CPU
		{BEBDE5D1-0262-446C-B9FA-4E14326CB816}.Release|Any CPU.ActiveCfg = Release|Any CPU
		{BEBDE5D1-0262-446C-B9FA-4E14326CB816}.Release|Any CPU.Build.0 = Release|Any CPU
		{219A67B7-C115-4EB3-B2B5-EFAA82A5F5AC}.Debug|Any CPU.ActiveCfg = Debug|Any CPU
		{219A67B7-C115-4EB3-B2B5-EFAA82A5F5AC}.Debug|Any CPU.Build.0 = Debug|Any CPU
		{219A67B7-C115-4EB3-B2B5-EFAA82A5F5AC}.Release|Any CPU.ActiveCfg = Release|Any CPU
		{219A67B7-C115-4EB3-B2B5-EFAA82A5F5AC}.Release|Any CPU.Build.0 = Release|Any CPU
		{789B0F20-442B-4948-9837-2AF67A641F3F}.Debug|Any CPU.ActiveCfg = Debug|Any CPU
		{789B0F20-442B-4948-9837-2AF67A641F3F}.Debug|Any CPU.Build.0 = Debug|Any CPU
		{789B0F20-442B-4948-9837-2AF67A641F3F}.Release|Any CPU.ActiveCfg = Release|Any CPU
		{789B0F20-442B-4948-9837-2AF67A641F3F}.Release|Any CPU.Build.0 = Release|Any CPU
		{62ABFDC3-077B-4DBC-9CF4-5A391063D266}.Debug|Any CPU.ActiveCfg = Debug|Any CPU
		{62ABFDC3-077B-4DBC-9CF4-5A391063D266}.Debug|Any CPU.Build.0 = Debug|Any CPU
		{62ABFDC3-077B-4DBC-9CF4-5A391063D266}.Release|Any CPU.ActiveCfg = Release|Any CPU
		{62ABFDC3-077B-4DBC-9CF4-5A391063D266}.Release|Any CPU.Build.0 = Release|Any CPU
		{5289CDDD-AE1D-43DE-9795-75A83CF71B8C}.Debug|Any CPU.ActiveCfg = Debug|Any CPU
		{5289CDDD-AE1D-43DE-9795-75A83CF71B8C}.Debug|Any CPU.Build.0 = Debug|Any CPU
		{5289CDDD-AE1D-43DE-9795-75A83CF71B8C}.Release|Any CPU.ActiveCfg = Release|Any CPU
		{5289CDDD-AE1D-43DE-9795-75A83CF71B8C}.Release|Any CPU.Build.0 = Release|Any CPU
		{525CDD36-5E95-4A17-93E0-3D16F7A5F42B}.Debug|Any CPU.ActiveCfg = Debug|Any CPU
		{525CDD36-5E95-4A17-93E0-3D16F7A5F42B}.Debug|Any CPU.Build.0 = Debug|Any CPU
		{525CDD36-5E95-4A17-93E0-3D16F7A5F42B}.Release|Any CPU.ActiveCfg = Release|Any CPU
		{525CDD36-5E95-4A17-93E0-3D16F7A5F42B}.Release|Any CPU.Build.0 = Release|Any CPU
		{F748FC23-40D0-42A5-B095-0B29F2929891}.Debug|Any CPU.ActiveCfg = Debug|Any CPU
		{F748FC23-40D0-42A5-B095-0B29F2929891}.Debug|Any CPU.Build.0 = Debug|Any CPU
		{F748FC23-40D0-42A5-B095-0B29F2929891}.Release|Any CPU.ActiveCfg = Release|Any CPU
		{F748FC23-40D0-42A5-B095-0B29F2929891}.Release|Any CPU.Build.0 = Release|Any CPU
		{A4FC8DFA-22E6-4C13-9601-C9B500D403F0}.Debug|Any CPU.ActiveCfg = Debug|Any CPU
		{A4FC8DFA-22E6-4C13-9601-C9B500D403F0}.Debug|Any CPU.Build.0 = Debug|Any CPU
		{A4FC8DFA-22E6-4C13-9601-C9B500D403F0}.Release|Any CPU.ActiveCfg = Release|Any CPU
		{A4FC8DFA-22E6-4C13-9601-C9B500D403F0}.Release|Any CPU.Build.0 = Release|Any CPU
		{3C69726E-8282-4B91-8369-155B6A7FE6F8}.Debug|Any CPU.ActiveCfg = Debug|Any CPU
		{3C69726E-8282-4B91-8369-155B6A7FE6F8}.Debug|Any CPU.Build.0 = Debug|Any CPU
		{3C69726E-8282-4B91-8369-155B6A7FE6F8}.Release|Any CPU.ActiveCfg = Release|Any CPU
		{3C69726E-8282-4B91-8369-155B6A7FE6F8}.Release|Any CPU.Build.0 = Release|Any CPU
		{3C39E278-558C-40BB-8889-C3DE85DF53E1}.Debug|Any CPU.ActiveCfg = Debug|Any CPU
		{3C39E278-558C-40BB-8889-C3DE85DF53E1}.Debug|Any CPU.Build.0 = Debug|Any CPU
		{3C39E278-558C-40BB-8889-C3DE85DF53E1}.Release|Any CPU.ActiveCfg = Release|Any CPU
		{3C39E278-558C-40BB-8889-C3DE85DF53E1}.Release|Any CPU.Build.0 = Release|Any CPU
		{E69D2E3C-995A-4FCE-8893-E2DE3F7808B4}.Debug|Any CPU.ActiveCfg = Debug|Any CPU
		{E69D2E3C-995A-4FCE-8893-E2DE3F7808B4}.Debug|Any CPU.Build.0 = Debug|Any CPU
		{E69D2E3C-995A-4FCE-8893-E2DE3F7808B4}.Release|Any CPU.ActiveCfg = Release|Any CPU
		{E69D2E3C-995A-4FCE-8893-E2DE3F7808B4}.Release|Any CPU.Build.0 = Release|Any CPU
		{33117D2C-C3F0-4C4A-A027-3216A096F1C4}.Debug|Any CPU.ActiveCfg = Debug|Any CPU
		{33117D2C-C3F0-4C4A-A027-3216A096F1C4}.Debug|Any CPU.Build.0 = Debug|Any CPU
		{33117D2C-C3F0-4C4A-A027-3216A096F1C4}.Release|Any CPU.ActiveCfg = Release|Any CPU
		{33117D2C-C3F0-4C4A-A027-3216A096F1C4}.Release|Any CPU.Build.0 = Release|Any CPU
		{FBF775D3-3215-4EBE-9C9C-396BB740CFEB}.Debug|Any CPU.ActiveCfg = Debug|Any CPU
		{FBF775D3-3215-4EBE-9C9C-396BB740CFEB}.Debug|Any CPU.Build.0 = Debug|Any CPU
		{FBF775D3-3215-4EBE-9C9C-396BB740CFEB}.Release|Any CPU.ActiveCfg = Release|Any CPU
		{FBF775D3-3215-4EBE-9C9C-396BB740CFEB}.Release|Any CPU.Build.0 = Release|Any CPU
		{6F7969FB-B5FC-409D-B144-415645758246}.Debug|Any CPU.ActiveCfg = Debug|Any CPU
		{6F7969FB-B5FC-409D-B144-415645758246}.Debug|Any CPU.Build.0 = Debug|Any CPU
		{6F7969FB-B5FC-409D-B144-415645758246}.Release|Any CPU.ActiveCfg = Release|Any CPU
		{6F7969FB-B5FC-409D-B144-415645758246}.Release|Any CPU.Build.0 = Release|Any CPU
		{22BC26BF-10F1-4CB6-9AD6-88767CBE6529}.Debug|Any CPU.ActiveCfg = Debug|Any CPU
		{22BC26BF-10F1-4CB6-9AD6-88767CBE6529}.Debug|Any CPU.Build.0 = Debug|Any CPU
		{22BC26BF-10F1-4CB6-9AD6-88767CBE6529}.Release|Any CPU.ActiveCfg = Release|Any CPU
		{22BC26BF-10F1-4CB6-9AD6-88767CBE6529}.Release|Any CPU.Build.0 = Release|Any CPU
		{FBCB41EE-7F56-42EF-838E-F1DA7F831D16}.Debug|Any CPU.ActiveCfg = Debug|Any CPU
		{FBCB41EE-7F56-42EF-838E-F1DA7F831D16}.Debug|Any CPU.Build.0 = Debug|Any CPU
		{FBCB41EE-7F56-42EF-838E-F1DA7F831D16}.Release|Any CPU.ActiveCfg = Release|Any CPU
		{FBCB41EE-7F56-42EF-838E-F1DA7F831D16}.Release|Any CPU.Build.0 = Release|Any CPU
		{8D34EEE0-B3C9-4009-A5C7-C69DCAABE5E2}.Debug|Any CPU.ActiveCfg = Debug|Any CPU
		{8D34EEE0-B3C9-4009-A5C7-C69DCAABE5E2}.Debug|Any CPU.Build.0 = Debug|Any CPU
		{8D34EEE0-B3C9-4009-A5C7-C69DCAABE5E2}.Release|Any CPU.ActiveCfg = Release|Any CPU
		{8D34EEE0-B3C9-4009-A5C7-C69DCAABE5E2}.Release|Any CPU.Build.0 = Release|Any CPU
		{C7FF3CDC-2D45-41A1-A00B-91A03A440FC1}.Debug|Any CPU.ActiveCfg = Debug|Any CPU
		{C7FF3CDC-2D45-41A1-A00B-91A03A440FC1}.Debug|Any CPU.Build.0 = Debug|Any CPU
		{C7FF3CDC-2D45-41A1-A00B-91A03A440FC1}.Release|Any CPU.ActiveCfg = Release|Any CPU
		{C7FF3CDC-2D45-41A1-A00B-91A03A440FC1}.Release|Any CPU.Build.0 = Release|Any CPU
	EndGlobalSection
	GlobalSection(SolutionProperties) = preSolution
		HideSolutionNode = FALSE
	EndGlobalSection
	GlobalSection(NestedProjects) = preSolution
		{49304294-0043-4607-8B04-A1F8D4869445} = {300CAE39-222C-47FA-AC15-E73CA0F5C1FE}
		{5BE2F089-9E63-43CB-BF2F-6AF16E854424} = {300CAE39-222C-47FA-AC15-E73CA0F5C1FE}
		{40FA9FAB-F2B4-47DC-919D-5B70807533E8} = {300CAE39-222C-47FA-AC15-E73CA0F5C1FE}
		{1049344C-A5E3-437A-9A8E-46A191D77CCD} = {874F96A3-E3A4-415F-9DF8-4D213130CD55}
		{E7218E57-9A45-484D-A756-6E1592E40D7E} = {874F96A3-E3A4-415F-9DF8-4D213130CD55}
		{AA44C82F-5BDD-45F1-85ED-5D993A2A63BD} = {874F96A3-E3A4-415F-9DF8-4D213130CD55}
		{BEBDE5D1-0262-446C-B9FA-4E14326CB816} = {17FEB9CB-36C7-4EE2-A377-BFD16D7122DA}
		{219A67B7-C115-4EB3-B2B5-EFAA82A5F5AC} = {17FEB9CB-36C7-4EE2-A377-BFD16D7122DA}
		{789B0F20-442B-4948-9837-2AF67A641F3F} = {17FEB9CB-36C7-4EE2-A377-BFD16D7122DA}
		{62ABFDC3-077B-4DBC-9CF4-5A391063D266} = {05A82E64-9D5E-41F5-8A56-AFFF48791B84}
		{5289CDDD-AE1D-43DE-9795-75A83CF71B8C} = {05A82E64-9D5E-41F5-8A56-AFFF48791B84}
		{525CDD36-5E95-4A17-93E0-3D16F7A5F42B} = {05A82E64-9D5E-41F5-8A56-AFFF48791B84}
		{F748FC23-40D0-42A5-B095-0B29F2929891} = {DF52B3C2-683E-4300-8FAE-CB1C6F02ADC0}
		{A4FC8DFA-22E6-4C13-9601-C9B500D403F0} = {DF52B3C2-683E-4300-8FAE-CB1C6F02ADC0}
		{3C69726E-8282-4B91-8369-155B6A7FE6F8} = {DF52B3C2-683E-4300-8FAE-CB1C6F02ADC0}
		{3C39E278-558C-40BB-8889-C3DE85DF53E1} = {826180E5-D03B-4484-85AD-5E6930FE735F}
		{E69D2E3C-995A-4FCE-8893-E2DE3F7808B4} = {826180E5-D03B-4484-85AD-5E6930FE735F}
		{33117D2C-C3F0-4C4A-A027-3216A096F1C4} = {826180E5-D03B-4484-85AD-5E6930FE735F}
		{FBF775D3-3215-4EBE-9C9C-396BB740CFEB} = {39F7CFAF-20ED-49EB-BA5C-A3A255969576}
		{6F7969FB-B5FC-409D-B144-415645758246} = {39F7CFAF-20ED-49EB-BA5C-A3A255969576}
		{22BC26BF-10F1-4CB6-9AD6-88767CBE6529} = {39F7CFAF-20ED-49EB-BA5C-A3A255969576}
		{FBCB41EE-7F56-42EF-838E-F1DA7F831D16} = {91533CB4-B7DB-4416-9FAD-CFE275589CF9}
		{8D34EEE0-B3C9-4009-A5C7-C69DCAABE5E2} = {91533CB4-B7DB-4416-9FAD-CFE275589CF9}
		{C7FF3CDC-2D45-41A1-A00B-91A03A440FC1} = {91533CB4-B7DB-4416-9FAD-CFE275589CF9}
	EndGlobalSection
	GlobalSection(ExtensibilityGlobals) = postSolution
		SolutionGuid = {29E32928-76F0-4A16-893A-CF8507815A6C}
	EndGlobalSection
EndGlobal
